
Microsoft Visual Studio Solution File, Format Version 12.00
# Visual Studio Version 16
VisualStudioVersion = 16.0.30717.126
MinimumVisualStudioVersion = 10.0.40219.1
Project("{FAE04EC0-301F-11D3-BF4B-00C04F79EFBC}") = "01_Claims.Repository", "01_Claims.Repository.csproj", "{AFCD35CA-C3E6-4577-AB20-CCE03DB7A8D5}"
EndProject
Global
	GlobalSection(SolutionConfigurationPlatforms) = preSolution
		Debug|Any CPU = Debug|Any CPU
		Release|Any CPU = Release|Any CPU
	EndGlobalSection
	GlobalSection(ProjectConfigurationPlatforms) = postSolution
		{AFCD35CA-C3E6-4577-AB20-CCE03DB7A8D5}.Debug|Any CPU.ActiveCfg = Debug|Any CPU
		{AFCD35CA-C3E6-4577-AB20-CCE03DB7A8D5}.Debug|Any CPU.Build.0 = Debug|Any CPU
		{AFCD35CA-C3E6-4577-AB20-CCE03DB7A8D5}.Release|Any CPU.ActiveCfg = Release|Any CPU
		{AFCD35CA-C3E6-4577-AB20-CCE03DB7A8D5}.Release|Any CPU.Build.0 = Release|Any CPU
	EndGlobalSection
	GlobalSection(SolutionProperties) = preSolution
		HideSolutionNode = FALSE
	EndGlobalSection
	GlobalSection(ExtensibilityGlobals) = postSolution
		SolutionGuid = {032D5BDA-62A3-4911-B3E2-C6B747D81F67}
	EndGlobalSection
EndGlobal
